{
  "version": 4,
  "terraform_version": "1.3.7",
  "serial": 39,
  "lineage": "b1e4bac0-e8e0-5d69-603c-d2ce32e5b52d",
  "outputs": {},
  "resources": [
    {
      "mode": "managed",
      "type": "aws_iam_group",
      "name": "mygrp",
      "provider": "provider[\"registry.terraform.io/hashicorp/aws\"]",
      "instances": [
        {
          "index_key": 0,
          "schema_version": 0,
          "attributes": {
            "arn": "arn:aws:iam::702560669403:group/testgroup-grp",
            "id": "testgroup-grp",
            "name": "testgroup-grp",
            "path": "/",
            "unique_id": "AGPA2HE7BB3NTY6RWXUHU"
          },
          "sensitive_attributes": [],
          "private": "bnVsbA=="
        }
      ]
    }
  ],
  "check_results": null
}
